
Microsoft Visual Studio Solution File, Format Version 12.00
# Visual Studio Version 17
VisualStudioVersion = 17.14.36603.0 d17.14
MinimumVisualStudioVersion = 10.0.40219.1
Project("{FAE04EC0-301F-11D3-BF4B-00C04F79EFBC}") = "CapaPresentacion", "Proyecto2doParcial\CapaPresentacion.csproj", "{CC1BE953-2AF8-4FFE-BF20-AED6C4756467}"
	ProjectSection(ProjectDependencies) = postProject
		{C77D0077-9B7B-43EF-9C4D-D2169390691B} = {C77D0077-9B7B-43EF-9C4D-D2169390691B}
	EndProjectSection
EndProject
Project("{FAE04EC0-301F-11D3-BF4B-00C04F79EFBC}") = "CapaLogicaNegocio", "CapaLogicaNegocio\CapaLogicaNegocio.csproj", "{C77D0077-9B7B-43EF-9C4D-D2169390691B}"
	ProjectSection(ProjectDependencies) = postProject
		{278733C3-F6FA-4171-8EAE-17DA03C36A4E} = {278733C3-F6FA-4171-8EAE-17DA03C36A4E}
	EndProjectSection
EndProject
Project("{FAE04EC0-301F-11D3-BF4B-00C04F79EFBC}") = "CapaDatos", "CapaDatos\CapaDatos.csproj", "{278733C3-F6FA-4171-8EAE-17DA03C36A4E}"
EndProject
Global
	GlobalSection(SolutionConfigurationPlatforms) = preSolution
		Debug|Any CPU = Debug|Any CPU
		Release|Any CPU = Release|Any CPU
	EndGlobalSection
	GlobalSection(ProjectConfigurationPlatforms) = postSolution
		{CC1BE953-2AF8-4FFE-BF20-AED6C4756467}.Debug|Any CPU.ActiveCfg = Debug|Any CPU
		{CC1BE953-2AF8-4FFE-BF20-AED6C4756467}.Debug|Any CPU.Build.0 = Debug|Any CPU
		{CC1BE953-2AF8-4FFE-BF20-AED6C4756467}.Release|Any CPU.ActiveCfg = Release|Any CPU
		{CC1BE953-2AF8-4FFE-BF20-AED6C4756467}.Release|Any CPU.Build.0 = Release|Any CPU
		{C77D0077-9B7B-43EF-9C4D-D2169390691B}.Debug|Any CPU.ActiveCfg = Debug|Any CPU
		{C77D0077-9B7B-43EF-9C4D-D2169390691B}.Debug|Any CPU.Build.0 = Debug|Any CPU
		{C77D0077-9B7B-43EF-9C4D-D2169390691B}.Release|Any CPU.ActiveCfg = Release|Any CPU
		{C77D0077-9B7B-43EF-9C4D-D2169390691B}.Release|Any CPU.Build.0 = Release|Any CPU
		{278733C3-F6FA-4171-8EAE-17DA03C36A4E}.Debug|Any CPU.ActiveCfg = Debug|Any CPU
		{278733C3-F6FA-4171-8EAE-17DA03C36A4E}.Debug|Any CPU.Build.0 = Debug|Any CPU
		{278733C3-F6FA-4171-8EAE-17DA03C36A4E}.Release|Any CPU.ActiveCfg = Release|Any CPU
		{278733C3-F6FA-4171-8EAE-17DA03C36A4E}.Release|Any CPU.Build.0 = Release|Any CPU
	EndGlobalSection
	GlobalSection(SolutionProperties) = preSolution
		HideSolutionNode = FALSE
	EndGlobalSection
	GlobalSection(ExtensibilityGlobals) = postSolution
		SolutionGuid = {5508CC22-3B2A-4749-8F6A-17318C6C8668}
	EndGlobalSection
EndGlobal
